// !$*UTF8*$!
{
	archiveVersion = 1;
	classes = {
	};
	objectVersion = 46;
	objects = {

/* Begin PBXBuildFile section */
		7513E2171F6B3AA400C216F4 /* ButtonSprite.swift in Sources */ = {isa = PBXBuildFile; fileRef = 7513E2161F6B3AA400C216F4 /* ButtonSprite.swift */; };
		7513E2191F6C8A5300C216F4 /* BasicClickUpgrade.swift in Sources */ = {isa = PBXBuildFile; fileRef = 7513E2181F6C8A5300C216F4 /* BasicClickUpgrade.swift */; };
		7513E21B1F71B77200C216F4 /* IGBuildingTableViewCell.swift in Sources */ = {isa = PBXBuildFile; fileRef = 7513E21A1F71B77200C216F4 /* IGBuildingTableViewCell.swift */; };
		75245EB91F796ABD00FEBF30 /* UIHelper.swift in Sources */ = {isa = PBXBuildFile; fileRef = 75245EB81F796ABD00FEBF30 /* UIHelper.swift */; };
		75245EBB1F7993EA00FEBF30 /* BuildingUpgradesTableViewController.swift in Sources */ = {isa = PBXBuildFile; fileRef = 75245EBA1F7993EA00FEBF30 /* BuildingUpgradesTableViewController.swift */; };
		75245EBD1F79975000FEBF30 /* QuickAddBuildingUpgradesViewController.swift in Sources */ = {isa = PBXBuildFile; fileRef = 75245EBC1F79975000FEBF30 /* QuickAddBuildingUpgradesViewController.swift */; };
		753FA7D71F757DE6001BB7FF /* Extensions.swift in Sources */ = {isa = PBXBuildFile; fileRef = 753FA7D61F757DE6001BB7FF /* Extensions.swift */; };
		756D75921F7C1E0C00004E28 /* MakingNewGame.storyboard in Resources */ = {isa = PBXBuildFile; fileRef = 756D75911F7C1E0C00004E28 /* MakingNewGame.storyboard */; };
		75793C731F5B743600A2AB5D /* AppDelegate.swift in Sources */ = {isa = PBXBuildFile; fileRef = 75793C721F5B743600A2AB5D /* AppDelegate.swift */; };
		75793C751F5B743600A2AB5D /* GameScene.sks in Resources */ = {isa = PBXBuildFile; fileRef = 75793C741F5B743600A2AB5D /* GameScene.sks */; };
		75793C771F5B743600A2AB5D /* Actions.sks in Resources */ = {isa = PBXBuildFile; fileRef = 75793C761F5B743600A2AB5D /* Actions.sks */; };
		75793C791F5B743600A2AB5D /* GameScene.swift in Sources */ = {isa = PBXBuildFile; fileRef = 75793C781F5B743600A2AB5D /* GameScene.swift */; };
		75793C7B1F5B743600A2AB5D /* GameViewController.swift in Sources */ = {isa = PBXBuildFile; fileRef = 75793C7A1F5B743600A2AB5D /* GameViewController.swift */; };
		75793C7E1F5B743600A2AB5D /* Main.storyboard in Resources */ = {isa = PBXBuildFile; fileRef = 75793C7C1F5B743600A2AB5D /* Main.storyboard */; };
		75793C801F5B743600A2AB5D /* Assets.xcassets in Resources */ = {isa = PBXBuildFile; fileRef = 75793C7F1F5B743600A2AB5D /* Assets.xcassets */; };
		75793C831F5B743600A2AB5D /* LaunchScreen.storyboard in Resources */ = {isa = PBXBuildFile; fileRef = 75793C811F5B743600A2AB5D /* LaunchScreen.storyboard */; };
		75793C8E1F5B743600A2AB5D /* Idle_Game_MakerTests.swift in Sources */ = {isa = PBXBuildFile; fileRef = 75793C8D1F5B743600A2AB5D /* Idle_Game_MakerTests.swift */; };
		75793C991F5B763400A2AB5D /* BuildingTableViewController.swift in Sources */ = {isa = PBXBuildFile; fileRef = 75793C981F5B763400A2AB5D /* BuildingTableViewController.swift */; };
		75793C9B1F5B774A00A2AB5D /* Building.swift in Sources */ = {isa = PBXBuildFile; fileRef = 75793C9A1F5B774A00A2AB5D /* Building.swift */; };
		75793C9D1F5BD7F700A2AB5D /* BuildingViewController.swift in Sources */ = {isa = PBXBuildFile; fileRef = 75793C9C1F5BD7F700A2AB5D /* BuildingViewController.swift */; };
		758C0BFF1F5C9B3A0007CC86 /* BuildingTableViewCell.swift in Sources */ = {isa = PBXBuildFile; fileRef = 758C0BFE1F5C9B3A0007CC86 /* BuildingTableViewCell.swift */; };
		75C5EF461F5E041500EFB4E8 /* MainMenuViewController.swift in Sources */ = {isa = PBXBuildFile; fileRef = 75C5EF451F5E041500EFB4E8 /* MainMenuViewController.swift */; };
		75C5EF481F5E1DA000EFB4E8 /* GameNameViewController.swift in Sources */ = {isa = PBXBuildFile; fileRef = 75C5EF471F5E1DA000EFB4E8 /* GameNameViewController.swift */; };
		75C5EF4A1F5E1DCD00EFB4E8 /* CurrencyViewController.swift in Sources */ = {isa = PBXBuildFile; fileRef = 75C5EF491F5E1DCD00EFB4E8 /* CurrencyViewController.swift */; };
		75C5EF4C1F5E435300EFB4E8 /* GameSelectorTableViewController.swift in Sources */ = {isa = PBXBuildFile; fileRef = 75C5EF4B1F5E435300EFB4E8 /* GameSelectorTableViewController.swift */; };
		75C5EF4E1F5E43A000EFB4E8 /* GameSelectorTableViewCell.swift in Sources */ = {isa = PBXBuildFile; fileRef = 75C5EF4D1F5E43A000EFB4E8 /* GameSelectorTableViewCell.swift */; };
		75C5EF501F5E4AA400EFB4E8 /* Game.swift in Sources */ = {isa = PBXBuildFile; fileRef = 75C5EF4F1F5E4AA400EFB4E8 /* Game.swift */; };
		75C5EF521F61E35C00EFB4E8 /* InGameBuildingCell.swift in Sources */ = {isa = PBXBuildFile; fileRef = 75C5EF511F61E35C00EFB4E8 /* InGameBuildingCell.swift */; };
		75C5EF541F61E3E100EFB4E8 /* IGBuildingCell.swift in Sources */ = {isa = PBXBuildFile; fileRef = 75C5EF531F61E3E100EFB4E8 /* IGBuildingCell.swift */; };
		75C5EF561F624A8B00EFB4E8 /* IGBuildingTableView.swift in Sources */ = {isa = PBXBuildFile; fileRef = 75C5EF551F624A8B00EFB4E8 /* IGBuildingTableView.swift */; };
		75C5EF581F65033F00EFB4E8 /* SpriteNodeDetectTouch.swift in Sources */ = {isa = PBXBuildFile; fileRef = 75C5EF571F65033F00EFB4E8 /* SpriteNodeDetectTouch.swift */; };
		75C5EF5C1F670B7D00EFB4E8 /* BasicClickUpgradeViewController.swift in Sources */ = {isa = PBXBuildFile; fileRef = 75C5EF5B1F670B7D00EFB4E8 /* BasicClickUpgradeViewController.swift */; };
/* End PBXBuildFile section */

/* Begin PBXContainerItemProxy section */
		75793C8A1F5B743600A2AB5D /* PBXContainerItemProxy */ = {
			isa = PBXContainerItemProxy;
			containerPortal = 75793C671F5B743600A2AB5D /* Project object */;
			proxyType = 1;
			remoteGlobalIDString = 75793C6E1F5B743600A2AB5D;
			remoteInfo = "Idle Game Maker";
		};
/* End PBXContainerItemProxy section */

/* Begin PBXFileReference section */
		7513E2161F6B3AA400C216F4 /* ButtonSprite.swift */ = {isa = PBXFileReference; fileEncoding = 4; lastKnownFileType = sourcecode.swift; path = ButtonSprite.swift; sourceTree = "<group>"; };
		7513E2181F6C8A5300C216F4 /* BasicClickUpgrade.swift */ = {isa = PBXFileReference; fileEncoding = 4; lastKnownFileType = sourcecode.swift; path = BasicClickUpgrade.swift; sourceTree = "<group>"; };
		7513E21A1F71B77200C216F4 /* IGBuildingTableViewCell.swift */ = {isa = PBXFileReference; fileEncoding = 4; lastKnownFileType = sourcecode.swift; path = IGBuildingTableViewCell.swift; sourceTree = "<group>"; };
		75245EB81F796ABD00FEBF30 /* UIHelper.swift */ = {isa = PBXFileReference; lastKnownFileType = sourcecode.swift; path = UIHelper.swift; sourceTree = "<group>"; };
		75245EBA1F7993EA00FEBF30 /* BuildingUpgradesTableViewController.swift */ = {isa = PBXFileReference; lastKnownFileType = sourcecode.swift; path = BuildingUpgradesTableViewController.swift; sourceTree = "<group>"; };
		75245EBC1F79975000FEBF30 /* QuickAddBuildingUpgradesViewController.swift */ = {isa = PBXFileReference; lastKnownFileType = sourcecode.swift; path = QuickAddBuildingUpgradesViewController.swift; sourceTree = "<group>"; };
		753FA7D21F738DD3001BB7FF /* Epic sax Guy.mp3 */ = {isa = PBXFileReference; lastKnownFileType = audio.mp3; path = "Epic sax Guy.mp3"; sourceTree = "<group>"; };
		753FA7D41F738F3A001BB7FF /* Epic sax Guy.mp3 */ = {isa = PBXFileReference; lastKnownFileType = audio.mp3; path = "Epic sax Guy.mp3"; sourceTree = "<group>"; };
		753FA7D51F738F68001BB7FF /* Epic sax Guy.mp3 */ = {isa = PBXFileReference; lastKnownFileType = audio.mp3; path = "Epic sax Guy.mp3"; sourceTree = "<group>"; };
		753FA7D61F757DE6001BB7FF /* Extensions.swift */ = {isa = PBXFileReference; lastKnownFileType = sourcecode.swift; path = Extensions.swift; sourceTree = "<group>"; };
		756D75911F7C1E0C00004E28 /* MakingNewGame.storyboard */ = {isa = PBXFileReference; fileEncoding = 4; lastKnownFileType = file.storyboard; path = MakingNewGame.storyboard; sourceTree = "<group>"; };
		75793C6F1F5B743600A2AB5D /* Idle Game Maker.app */ = {isa = PBXFileReference; explicitFileType = wrapper.application; includeInIndex = 0; path = "Idle Game Maker.app"; sourceTree = BUILT_PRODUCTS_DIR; };
		75793C721F5B743600A2AB5D /* AppDelegate.swift */ = {isa = PBXFileReference; lastKnownFileType = sourcecode.swift; path = AppDelegate.swift; sourceTree = "<group>"; };
		75793C741F5B743600A2AB5D /* GameScene.sks */ = {isa = PBXFileReference; lastKnownFileType = file.sks; path = GameScene.sks; sourceTree = "<group>"; };
		75793C761F5B743600A2AB5D /* Actions.sks */ = {isa = PBXFileReference; lastKnownFileType = file.sks; path = Actions.sks; sourceTree = "<group>"; };
		75793C781F5B743600A2AB5D /* GameScene.swift */ = {isa = PBXFileReference; lastKnownFileType = sourcecode.swift; path = GameScene.swift; sourceTree = "<group>"; };
		75793C7A1F5B743600A2AB5D /* GameViewController.swift */ = {isa = PBXFileReference; lastKnownFileType = sourcecode.swift; path = GameViewController.swift; sourceTree = "<group>"; };
		75793C7D1F5B743600A2AB5D /* Base */ = {isa = PBXFileReference; lastKnownFileType = file.storyboard; name = Base; path = Base.lproj/Main.storyboard; sourceTree = "<group>"; };
		75793C7F1F5B743600A2AB5D /* Assets.xcassets */ = {isa = PBXFileReference; lastKnownFileType = folder.assetcatalog; path = Assets.xcassets; sourceTree = "<group>"; };
		75793C821F5B743600A2AB5D /* Base */ = {isa = PBXFileReference; lastKnownFileType = file.storyboard; name = Base; path = Base.lproj/LaunchScreen.storyboard; sourceTree = "<group>"; };
		75793C841F5B743600A2AB5D /* Info.plist */ = {isa = PBXFileReference; lastKnownFileType = text.plist.xml; path = Info.plist; sourceTree = "<group>"; };
		75793C891F5B743600A2AB5D /* Idle Game MakerTests.xctest */ = {isa = PBXFileReference; explicitFileType = wrapper.cfbundle; includeInIndex = 0; path = "Idle Game MakerTests.xctest"; sourceTree = BUILT_PRODUCTS_DIR; };
		75793C8D1F5B743600A2AB5D /* Idle_Game_MakerTests.swift */ = {isa = PBXFileReference; lastKnownFileType = sourcecode.swift; path = Idle_Game_MakerTests.swift; sourceTree = "<group>"; };
		75793C8F1F5B743600A2AB5D /* Info.plist */ = {isa = PBXFileReference; lastKnownFileType = text.plist.xml; path = Info.plist; sourceTree = "<group>"; };
		75793C981F5B763400A2AB5D /* BuildingTableViewController.swift */ = {isa = PBXFileReference; fileEncoding = 4; lastKnownFileType = sourcecode.swift; path = BuildingTableViewController.swift; sourceTree = "<group>"; };
		75793C9A1F5B774A00A2AB5D /* Building.swift */ = {isa = PBXFileReference; fileEncoding = 4; lastKnownFileType = sourcecode.swift; path = Building.swift; sourceTree = "<group>"; };
		75793C9C1F5BD7F700A2AB5D /* BuildingViewController.swift */ = {isa = PBXFileReference; fileEncoding = 4; lastKnownFileType = sourcecode.swift; path = BuildingViewController.swift; sourceTree = "<group>"; };
		758C0BFE1F5C9B3A0007CC86 /* BuildingTableViewCell.swift */ = {isa = PBXFileReference; fileEncoding = 4; lastKnownFileType = sourcecode.swift; path = BuildingTableViewCell.swift; sourceTree = "<group>"; };
		75C5EF451F5E041500EFB4E8 /* MainMenuViewController.swift */ = {isa = PBXFileReference; fileEncoding = 4; lastKnownFileType = sourcecode.swift; path = MainMenuViewController.swift; sourceTree = "<group>"; };
		75C5EF471F5E1DA000EFB4E8 /* GameNameViewController.swift */ = {isa = PBXFileReference; fileEncoding = 4; lastKnownFileType = sourcecode.swift; path = GameNameViewController.swift; sourceTree = "<group>"; };
		75C5EF491F5E1DCD00EFB4E8 /* CurrencyViewController.swift */ = {isa = PBXFileReference; fileEncoding = 4; lastKnownFileType = sourcecode.swift; path = CurrencyViewController.swift; sourceTree = "<group>"; };
		75C5EF4B1F5E435300EFB4E8 /* GameSelectorTableViewController.swift */ = {isa = PBXFileReference; fileEncoding = 4; lastKnownFileType = sourcecode.swift; path = GameSelectorTableViewController.swift; sourceTree = "<group>"; };
		75C5EF4D1F5E43A000EFB4E8 /* GameSelectorTableViewCell.swift */ = {isa = PBXFileReference; fileEncoding = 4; lastKnownFileType = sourcecode.swift; path = GameSelectorTableViewCell.swift; sourceTree = "<group>"; };
		75C5EF4F1F5E4AA400EFB4E8 /* Game.swift */ = {isa = PBXFileReference; fileEncoding = 4; lastKnownFileType = sourcecode.swift; path = Game.swift; sourceTree = "<group>"; };
		75C5EF511F61E35C00EFB4E8 /* InGameBuildingCell.swift */ = {isa = PBXFileReference; fileEncoding = 4; lastKnownFileType = sourcecode.swift; path = InGameBuildingCell.swift; sourceTree = "<group>"; };
		75C5EF531F61E3E100EFB4E8 /* IGBuildingCell.swift */ = {isa = PBXFileReference; fileEncoding = 4; lastKnownFileType = sourcecode.swift; path = IGBuildingCell.swift; sourceTree = "<group>"; };
		75C5EF551F624A8B00EFB4E8 /* IGBuildingTableView.swift */ = {isa = PBXFileReference; fileEncoding = 4; lastKnownFileType = sourcecode.swift; path = IGBuildingTableView.swift; sourceTree = "<group>"; };
		75C5EF571F65033F00EFB4E8 /* SpriteNodeDetectTouch.swift */ = {isa = PBXFileReference; fileEncoding = 4; lastKnownFileType = sourcecode.swift; path = SpriteNodeDetectTouch.swift; sourceTree = "<group>"; };
		75C5EF5B1F670B7D00EFB4E8 /* BasicClickUpgradeViewController.swift */ = {isa = PBXFileReference; fileEncoding = 4; lastKnownFileType = sourcecode.swift; path = BasicClickUpgradeViewController.swift; sourceTree = "<group>"; };
/* End PBXFileReference section */

/* Begin PBXFrameworksBuildPhase section */
		75793C6C1F5B743600A2AB5D /* Frameworks */ = {
			isa = PBXFrameworksBuildPhase;
			buildActionMask = 2147483647;
			files = (
			);
			runOnlyForDeploymentPostprocessing = 0;
		};
		75793C861F5B743600A2AB5D /* Frameworks */ = {
			isa = PBXFrameworksBuildPhase;
			buildActionMask = 2147483647;
			files = (
			);
			runOnlyForDeploymentPostprocessing = 0;
		};
/* End PBXFrameworksBuildPhase section */

/* Begin PBXGroup section */
		753FA7D31F738F3A001BB7FF /* Sounds */ = {
			isa = PBXGroup;
			children = (
				753FA7D51F738F68001BB7FF /* Epic sax Guy.mp3 */,
				753FA7D41F738F3A001BB7FF /* Epic sax Guy.mp3 */,
			);
			path = Sounds;
			sourceTree = "<group>";
		};
		75793C661F5B743600A2AB5D = {
			isa = PBXGroup;
			children = (
				75793C711F5B743600A2AB5D /* Idle Game Maker */,
				75793C8C1F5B743600A2AB5D /* Idle Game MakerTests */,
				75793C701F5B743600A2AB5D /* Products */,
				753FA7D21F738DD3001BB7FF /* Epic sax Guy.mp3 */,
			);
			sourceTree = "<group>";
		};
		75793C701F5B743600A2AB5D /* Products */ = {
			isa = PBXGroup;
			children = (
				75793C6F1F5B743600A2AB5D /* Idle Game Maker.app */,
				75793C891F5B743600A2AB5D /* Idle Game MakerTests.xctest */,
			);
			name = Products;
			sourceTree = "<group>";
		};
		75793C711F5B743600A2AB5D /* Idle Game Maker */ = {
			isa = PBXGroup;
			children = (
				75793C721F5B743600A2AB5D /* AppDelegate.swift */,
				75793C741F5B743600A2AB5D /* GameScene.sks */,
				75793C761F5B743600A2AB5D /* Actions.sks */,
				75793C781F5B743600A2AB5D /* GameScene.swift */,
				75793C7A1F5B743600A2AB5D /* GameViewController.swift */,
				7513E21A1F71B77200C216F4 /* IGBuildingTableViewCell.swift */,
				75C5EF551F624A8B00EFB4E8 /* IGBuildingTableView.swift */,
				75793C9A1F5B774A00A2AB5D /* Building.swift */,
				75C5EF4F1F5E4AA400EFB4E8 /* Game.swift */,
				75C5EF451F5E041500EFB4E8 /* MainMenuViewController.swift */,
				75C5EF4B1F5E435300EFB4E8 /* GameSelectorTableViewController.swift */,
				75C5EF4D1F5E43A000EFB4E8 /* GameSelectorTableViewCell.swift */,
				75C5EF471F5E1DA000EFB4E8 /* GameNameViewController.swift */,
				75C5EF491F5E1DCD00EFB4E8 /* CurrencyViewController.swift */,
				753FA7D31F738F3A001BB7FF /* Sounds */,
				75793C981F5B763400A2AB5D /* BuildingTableViewController.swift */,
				75793C9C1F5BD7F700A2AB5D /* BuildingViewController.swift */,
				75C5EF5B1F670B7D00EFB4E8 /* BasicClickUpgradeViewController.swift */,
				75793C7C1F5B743600A2AB5D /* Main.storyboard */,
				756D75911F7C1E0C00004E28 /* MakingNewGame.storyboard */,
				7513E2181F6C8A5300C216F4 /* BasicClickUpgrade.swift */,
				75793C7F1F5B743600A2AB5D /* Assets.xcassets */,
				75793C811F5B743600A2AB5D /* LaunchScreen.storyboard */,
				75793C841F5B743600A2AB5D /* Info.plist */,
				758C0BFE1F5C9B3A0007CC86 /* BuildingTableViewCell.swift */,
				75C5EF511F61E35C00EFB4E8 /* InGameBuildingCell.swift */,
				75C5EF531F61E3E100EFB4E8 /* IGBuildingCell.swift */,
				75C5EF571F65033F00EFB4E8 /* SpriteNodeDetectTouch.swift */,
				7513E2161F6B3AA400C216F4 /* ButtonSprite.swift */,
				753FA7D61F757DE6001BB7FF /* Extensions.swift */,
				75245EB81F796ABD00FEBF30 /* UIHelper.swift */,
				75245EBA1F7993EA00FEBF30 /* BuildingUpgradesTableViewController.swift */,
				75245EBC1F79975000FEBF30 /* QuickAddBuildingUpgradesViewController.swift */,
			);
			path = "Idle Game Maker";
			sourceTree = "<group>";
		};
		75793C8C1F5B743600A2AB5D /* Idle Game MakerTests */ = {
			isa = PBXGroup;
			children = (
				75793C8D1F5B743600A2AB5D /* Idle_Game_MakerTests.swift */,
				75793C8F1F5B743600A2AB5D /* Info.plist */,
			);
			path = "Idle Game MakerTests";
			sourceTree = "<group>";
		};
/* End PBXGroup section */

/* Begin PBXNativeTarget section */
		75793C6E1F5B743600A2AB5D /* Idle Game Maker */ = {
			isa = PBXNativeTarget;
			buildConfigurationList = 75793C921F5B743600A2AB5D /* Build configuration list for PBXNativeTarget "Idle Game Maker" */;
			buildPhases = (
				75793C6B1F5B743600A2AB5D /* Sources */,
				75793C6C1F5B743600A2AB5D /* Frameworks */,
				75793C6D1F5B743600A2AB5D /* Resources */,
			);
			buildRules = (
			);
			dependencies = (
			);
			name = "Idle Game Maker";
			productName = "Idle Game Maker";
			productReference = 75793C6F1F5B743600A2AB5D /* Idle Game Maker.app */;
			productType = "com.apple.product-type.application";
		};
		75793C881F5B743600A2AB5D /* Idle Game MakerTests */ = {
			isa = PBXNativeTarget;
			buildConfigurationList = 75793C951F5B743600A2AB5D /* Build configuration list for PBXNativeTarget "Idle Game MakerTests" */;
			buildPhases = (
				75793C851F5B743600A2AB5D /* Sources */,
				75793C861F5B743600A2AB5D /* Frameworks */,
				75793C871F5B743600A2AB5D /* Resources */,
			);
			buildRules = (
			);
			dependencies = (
				75793C8B1F5B743600A2AB5D /* PBXTargetDependency */,
			);
			name = "Idle Game MakerTests";
			productName = "Idle Game MakerTests";
			productReference = 75793C891F5B743600A2AB5D /* Idle Game MakerTests.xctest */;
			productType = "com.apple.product-type.bundle.unit-test";
		};
/* End PBXNativeTarget section */

/* Begin PBXProject section */
		75793C671F5B743600A2AB5D /* Project object */ = {
			isa = PBXProject;
			attributes = {
				LastSwiftUpdateCheck = 0830;
				LastUpgradeCheck = 0830;
				ORGANIZATIONNAME = "Old Friend";
				TargetAttributes = {
					75793C6E1F5B743600A2AB5D = {
						CreatedOnToolsVersion = 8.3.3;
						DevelopmentTeam = 9P3FVEPY7V;
						ProvisioningStyle = Automatic;
					};
					75793C881F5B743600A2AB5D = {
						CreatedOnToolsVersion = 8.3.3;
						ProvisioningStyle = Automatic;
						TestTargetID = 75793C6E1F5B743600A2AB5D;
					};
				};
			};
			buildConfigurationList = 75793C6A1F5B743600A2AB5D /* Build configuration list for PBXProject "Idle Game Maker" */;
			compatibilityVersion = "Xcode 3.2";
			developmentRegion = English;
			hasScannedForEncodings = 0;
			knownRegions = (
				en,
				Base,
			);
			mainGroup = 75793C661F5B743600A2AB5D;
			productRefGroup = 75793C701F5B743600A2AB5D /* Products */;
			projectDirPath = "";
			projectRoot = "";
			targets = (
				75793C6E1F5B743600A2AB5D /* Idle Game Maker */,
				75793C881F5B743600A2AB5D /* Idle Game MakerTests */,
			);
		};
/* End PBXProject section */

/* Begin PBXResourcesBuildPhase section */
		75793C6D1F5B743600A2AB5D /* Resources */ = {
			isa = PBXResourcesBuildPhase;
			buildActionMask = 2147483647;
			files = (
				756D75921F7C1E0C00004E28 /* MakingNewGame.storyboard in Resources */,
				75793C7E1F5B743600A2AB5D /* Main.storyboard in Resources */,
				75793C751F5B743600A2AB5D /* GameScene.sks in Resources */,
				75793C801F5B743600A2AB5D /* Assets.xcassets in Resources */,
				75793C831F5B743600A2AB5D /* LaunchScreen.storyboard in Resources */,
				75793C771F5B743600A2AB5D /* Actions.sks in Resources */,
			);
			runOnlyForDeploymentPostprocessing = 0;
		};
		75793C871F5B743600A2AB5D /* Resources */ = {
			isa = PBXResourcesBuildPhase;
			buildActionMask = 2147483647;
			files = (
			);
			runOnlyForDeploymentPostprocessing = 0;
		};
/* End PBXResourcesBuildPhase section */

/* Begin PBXSourcesBuildPhase section */
		75793C6B1F5B743600A2AB5D /* Sources */ = {
			isa = PBXSourcesBuildPhase;
			buildActionMask = 2147483647;
			files = (
				75C5EF4C1F5E435300EFB4E8 /* GameSelectorTableViewController.swift in Sources */,
				75C5EF541F61E3E100EFB4E8 /* IGBuildingCell.swift in Sources */,
				75C5EF461F5E041500EFB4E8 /* MainMenuViewController.swift in Sources */,
				758C0BFF1F5C9B3A0007CC86 /* BuildingTableViewCell.swift in Sources */,
				75C5EF501F5E4AA400EFB4E8 /* Game.swift in Sources */,
				75245EB91F796ABD00FEBF30 /* UIHelper.swift in Sources */,
				75793C9D1F5BD7F700A2AB5D /* BuildingViewController.swift in Sources */,
				753FA7D71F757DE6001BB7FF /* Extensions.swift in Sources */,
				75C5EF481F5E1DA000EFB4E8 /* GameNameViewController.swift in Sources */,
				75245EBD1F79975000FEBF30 /* QuickAddBuildingUpgradesViewController.swift in Sources */,
				75793C791F5B743600A2AB5D /* GameScene.swift in Sources */,
				75793C7B1F5B743600A2AB5D /* GameViewController.swift in Sources */,
				75C5EF561F624A8B00EFB4E8 /* IGBuildingTableView.swift in Sources */,
				7513E2191F6C8A5300C216F4 /* BasicClickUpgrade.swift in Sources */,
				7513E21B1F71B77200C216F4 /* IGBuildingTableViewCell.swift in Sources */,
				75793C9B1F5B774A00A2AB5D /* Building.swift in Sources */,
				7513E2171F6B3AA400C216F4 /* ButtonSprite.swift in Sources */,
				75C5EF4E1F5E43A000EFB4E8 /* GameSelectorTableViewCell.swift in Sources */,
				75C5EF521F61E35C00EFB4E8 /* InGameBuildingCell.swift in Sources */,
				75C5EF5C1F670B7D00EFB4E8 /* BasicClickUpgradeViewController.swift in Sources */,
				75C5EF581F65033F00EFB4E8 /* SpriteNodeDetectTouch.swift in Sources */,
				75245EBB1F7993EA00FEBF30 /* BuildingUpgradesTableViewController.swift in Sources */,
				75793C991F5B763400A2AB5D /* BuildingTableViewController.swift in Sources */,
				75793C731F5B743600A2AB5D /* AppDelegate.swift in Sources */,
				75C5EF4A1F5E1DCD00EFB4E8 /* CurrencyViewController.swift in Sources */,
			);
			runOnlyForDeploymentPostprocessing = 0;
		};
		75793C851F5B743600A2AB5D /* Sources */ = {
			isa = PBXSourcesBuildPhase;
			buildActionMask = 2147483647;
			files = (
				75793C8E1F5B743600A2AB5D /* Idle_Game_MakerTests.swift in Sources */,
			);
			runOnlyForDeploymentPostprocessing = 0;
		};
/* End PBXSourcesBuildPhase section */

/* Begin PBXTargetDependency section */
		75793C8B1F5B743600A2AB5D /* PBXTargetDependency */ = {
			isa = PBXTargetDependency;
			target = 75793C6E1F5B743600A2AB5D /* Idle Game Maker */;
			targetProxy = 75793C8A1F5B743600A2AB5D /* PBXContainerItemProxy */;
		};
/* End PBXTargetDependency section */

/* Begin PBXVariantGroup section */
		75793C7C1F5B743600A2AB5D /* Main.storyboard */ = {
			isa = PBXVariantGroup;
			children = (
				75793C7D1F5B743600A2AB5D /* Base */,
			);
			name = Main.storyboard;
			sourceTree = "<group>";
		};
		75793C811F5B743600A2AB5D /* LaunchScreen.storyboard */ = {
			isa = PBXVariantGroup;
			children = (
				75793C821F5B743600A2AB5D /* Base */,
			);
			name = LaunchScreen.storyboard;
			sourceTree = "<group>";
		};
/* End PBXVariantGroup section */

/* Begin XCBuildConfiguration section */
		75793C901F5B743600A2AB5D /* Debug */ = {
			isa = XCBuildConfiguration;
			buildSettings = {
				ALWAYS_SEARCH_USER_PATHS = NO;
				CLANG_ANALYZER_NONNULL = YES;
				CLANG_ANALYZER_NUMBER_OBJECT_CONVERSION = YES_AGGRESSIVE;
				CLANG_CXX_LANGUAGE_STANDARD = "gnu++0x";
				CLANG_CXX_LIBRARY = "libc++";
				CLANG_ENABLE_MODULES = YES;
				CLANG_ENABLE_OBJC_ARC = YES;
				CLANG_WARN_BOOL_CONVERSION = YES;
				CLANG_WARN_CONSTANT_CONVERSION = YES;
				CLANG_WARN_DIRECT_OBJC_ISA_USAGE = YES_ERROR;
				CLANG_WARN_DOCUMENTATION_COMMENTS = YES;
				CLANG_WARN_EMPTY_BODY = YES;
				CLANG_WARN_ENUM_CONVERSION = YES;
				CLANG_WARN_INFINITE_RECURSION = YES;
				CLANG_WARN_INT_CONVERSION = YES;
				CLANG_WARN_OBJC_ROOT_CLASS = YES_ERROR;
				CLANG_WARN_SUSPICIOUS_MOVE = YES;
				CLANG_WARN_UNREACHABLE_CODE = YES;
				CLANG_WARN__DUPLICATE_METHOD_MATCH = YES;
				"CODE_SIGN_IDENTITY[sdk=iphoneos*]" = "iPhone Developer";
				COPY_PHASE_STRIP = NO;
				DEBUG_INFORMATION_FORMAT = dwarf;
				ENABLE_STRICT_OBJC_MSGSEND = YES;
				ENABLE_TESTABILITY = YES;
				GCC_C_LANGUAGE_STANDARD = gnu99;
				GCC_DYNAMIC_NO_PIC = NO;
				GCC_NO_COMMON_BLOCKS = YES;
				GCC_OPTIMIZATION_LEVEL = 0;
				GCC_PREPROCESSOR_DEFINITIONS = (
					"DEBUG=1",
					"$(inherited)",
				);
				GCC_WARN_64_TO_32_BIT_CONVERSION = YES;
				GCC_WARN_ABOUT_RETURN_TYPE = YES_ERROR;
				GCC_WARN_UNDECLARED_SELECTOR = YES;
				GCC_WARN_UNINITIALIZED_AUTOS = YES_AGGRESSIVE;
				GCC_WARN_UNUSED_FUNCTION = YES;
				GCC_WARN_UNUSED_VARIABLE = YES;
				IPHONEOS_DEPLOYMENT_TARGET = 10.3;
				MTL_ENABLE_DEBUG_INFO = YES;
				ONLY_ACTIVE_ARCH = YES;
				SDKROOT = iphoneos;
				SWIFT_ACTIVE_COMPILATION_CONDITIONS = DEBUG;
				SWIFT_OPTIMIZATION_LEVEL = "-Onone";
				TARGETED_DEVICE_FAMILY = "1,2";
			};
			name = Debug;
		};
		75793C911F5B743600A2AB5D /* Release */ = {
			isa = XCBuildConfiguration;
			buildSettings = {
				ALWAYS_SEARCH_USER_PATHS = NO;
				CLANG_ANALYZER_NONNULL = YES;
				CLANG_ANALYZER_NUMBER_OBJECT_CONVERSION = YES_AGGRESSIVE;
				CLANG_CXX_LANGUAGE_STANDARD = "gnu++0x";
				CLANG_CXX_LIBRARY = "libc++";
				CLANG_ENABLE_MODULES = YES;
				CLANG_ENABLE_OBJC_ARC = YES;
				CLANG_WARN_BOOL_CONVERSION = YES;
				CLANG_WARN_CONSTANT_CONVERSION = YES;
				CLANG_WARN_DIRECT_OBJC_ISA_USAGE = YES_ERROR;
				CLANG_WARN_DOCUMENTATION_COMMENTS = YES;
				CLANG_WARN_EMPTY_BODY = YES;
				CLANG_WARN_ENUM_CONVERSION = YES;
				CLANG_WARN_INFINITE_RECURSION = YES;
				CLANG_WARN_INT_CONVERSION = YES;
				CLANG_WARN_OBJC_ROOT_CLASS = YES_ERROR;
				CLANG_WARN_SUSPICIOUS_MOVE = YES;
				CLANG_WARN_UNREACHABLE_CODE = YES;
				CLANG_WARN__DUPLICATE_METHOD_MATCH = YES;
				"CODE_SIGN_IDENTITY[sdk=iphoneos*]" = "iPhone Developer";
				COPY_PHASE_STRIP = NO;
				DEBUG_INFORMATION_FORMAT = "dwarf-with-dsym";
				ENABLE_NS_ASSERTIONS = NO;
				ENABLE_STRICT_OBJC_MSGSEND = YES;
				GCC_C_LANGUAGE_STANDARD = gnu99;
				GCC_NO_COMMON_BLOCKS = YES;
				GCC_WARN_64_TO_32_BIT_CONVERSION = YES;
				GCC_WARN_ABOUT_RETURN_TYPE = YES_ERROR;
				GCC_WARN_UNDECLARED_SELECTOR = YES;
				GCC_WARN_UNINITIALIZED_AUTOS = YES_AGGRESSIVE;
				GCC_WARN_UNUSED_FUNCTION = YES;
				GCC_WARN_UNUSED_VARIABLE = YES;
				IPHONEOS_DEPLOYMENT_TARGET = 10.3;
				MTL_ENABLE_DEBUG_INFO = NO;
				SDKROOT = iphoneos;
				SWIFT_OPTIMIZATION_LEVEL = "-Owholemodule";
				TARGETED_DEVICE_FAMILY = "1,2";
				VALIDATE_PRODUCT = YES;
			};
			name = Release;
		};
		75793C931F5B743600A2AB5D /* Debug */ = {
			isa = XCBuildConfiguration;
			buildSettings = {
				ASSETCATALOG_COMPILER_APPICON_NAME = AppIcon;
				DEVELOPMENT_TEAM = 9P3FVEPY7V;
				INFOPLIST_FILE = "Idle Game Maker/Info.plist";
				IPHONEOS_DEPLOYMENT_TARGET = 10.3;
				LD_RUNPATH_SEARCH_PATHS = "$(inherited) @executable_path/Frameworks";
				PRODUCT_BUNDLE_IDENTIFIER = "AWJJ.Idle-Game-Maker";
				PRODUCT_NAME = "$(TARGET_NAME)";
				SWIFT_VERSION = 3.0;
			};
			name = Debug;
		};
		75793C941F5B743600A2AB5D /* Release */ = {
			isa = XCBuildConfiguration;
			buildSettings = {
				ASSETCATALOG_COMPILER_APPICON_NAME = AppIcon;
				DEVELOPMENT_TEAM = 9P3FVEPY7V;
				INFOPLIST_FILE = "Idle Game Maker/Info.plist";
				IPHONEOS_DEPLOYMENT_TARGET = 10.3;
				LD_RUNPATH_SEARCH_PATHS = "$(inherited) @executable_path/Frameworks";
				PRODUCT_BUNDLE_IDENTIFIER = "AWJJ.Idle-Game-Maker";
				PRODUCT_NAME = "$(TARGET_NAME)";
				SWIFT_VERSION = 3.0;
			};
			name = Release;
		};
		75793C961F5B743600A2AB5D /* Debug */ = {
			isa = XCBuildConfiguration;
			buildSettings = {
				ALWAYS_EMBED_SWIFT_STANDARD_LIBRARIES = YES;
				BUNDLE_LOADER = "$(TEST_HOST)";
				INFOPLIST_FILE = "Idle Game MakerTests/Info.plist";
				LD_RUNPATH_SEARCH_PATHS = "$(inherited) @executable_path/Frameworks @loader_path/Frameworks";
				PRODUCT_BUNDLE_IDENTIFIER = "AWJJ.Idle-Game-MakerTests";
				PRODUCT_NAME = "$(TARGET_NAME)";
				SWIFT_VERSION = 3.0;
				TEST_HOST = "$(BUILT_PRODUCTS_DIR)/Idle Game Maker.app/Idle Game Maker";
			};
			name = Debug;
		};
		75793C971F5B743600A2AB5D /* Release */ = {
			isa = XCBuildConfiguration;
			buildSettings = {
				ALWAYS_EMBED_SWIFT_STANDARD_LIBRARIES = YES;
				BUNDLE_LOADER = "$(TEST_HOST)";
				INFOPLIST_FILE = "Idle Game MakerTests/Info.plist";
				LD_RUNPATH_SEARCH_PATHS = "$(inherited) @executable_path/Frameworks @loader_path/Frameworks";
				PRODUCT_BUNDLE_IDENTIFIER = "AWJJ.Idle-Game-MakerTests";
				PRODUCT_NAME = "$(TARGET_NAME)";
				SWIFT_VERSION = 3.0;
				TEST_HOST = "$(BUILT_PRODUCTS_DIR)/Idle Game Maker.app/Idle Game Maker";
			};
			name = Release;
		};
/* End XCBuildConfiguration section */

/* Begin XCConfigurationList section */
		75793C6A1F5B743600A2AB5D /* Build configuration list for PBXProject "Idle Game Maker" */ = {
			isa = XCConfigurationList;
			buildConfigurations = (
				75793C901F5B743600A2AB5D /* Debug */,
				75793C911F5B743600A2AB5D /* Release */,
			);
			defaultConfigurationIsVisible = 0;
			defaultConfigurationName = Release;
		};
		75793C921F5B743600A2AB5D /* Build configuration list for PBXNativeTarget "Idle Game Maker" */ = {
			isa = XCConfigurationList;
			buildConfigurations = (
				75793C931F5B743600A2AB5D /* Debug */,
				75793C941F5B743600A2AB5D /* Release */,
			);
			defaultConfigurationIsVisible = 0;
			defaultConfigurationName = Release;
		};
		75793C951F5B743600A2AB5D /* Build configuration list for PBXNativeTarget "Idle Game MakerTests" */ = {
			isa = XCConfigurationList;
			buildConfigurations = (
				75793C961F5B743600A2AB5D /* Debug */,
				75793C971F5B743600A2AB5D /* Release */,
			);
			defaultConfigurationIsVisible = 0;
			defaultConfigurationName = Release;
		};
/* End XCConfigurationList section */
	};
	rootObject = 75793C671F5B743600A2AB5D /* Project object */;
}
